// !$*UTF8*$!
{
	archiveVersion = 1;
	classes = {
	};
	objectVersion = 56;
	objects = {

/* Begin PBXBuildFile section */
		A33ADBA12947BA250023161B /* AppDelegate.swift in Sources */ = {isa = PBXBuildFile; fileRef = A33ADBA02947BA250023161B /* AppDelegate.swift */; };
		A33ADBA32947BA250023161B /* SceneDelegate.swift in Sources */ = {isa = PBXBuildFile; fileRef = A33ADBA22947BA250023161B /* SceneDelegate.swift */; };
		A33ADBA52947BA250023161B /* ViewController.swift in Sources */ = {isa = PBXBuildFile; fileRef = A33ADBA42947BA250023161B /* ViewController.swift */; };
		A33ADBA82947BA250023161B /* Main.storyboard in Resources */ = {isa = PBXBuildFile; fileRef = A33ADBA62947BA250023161B /* Main.storyboard */; };
		A33ADBAB2947BA250023161B /* NotasCoreData.xcdatamodeld in Sources */ = {isa = PBXBuildFile; fileRef = A33ADBA92947BA250023161B /* NotasCoreData.xcdatamodeld */; };
		A33ADBAD2947BA270023161B /* Assets.xcassets in Resources */ = {isa = PBXBuildFile; fileRef = A33ADBAC2947BA270023161B /* Assets.xcassets */; };
		A33ADBB02947BA270023161B /* LaunchScreen.storyboard in Resources */ = {isa = PBXBuildFile; fileRef = A33ADBAE2947BA270023161B /* LaunchScreen.storyboard */; };
/* End PBXBuildFile section */

/* Begin PBXFileReference section */
		A33ADB9D2947BA250023161B /* NotasCoreData.app */ = {isa = PBXFileReference; explicitFileType = wrapper.application; includeInIndex = 0; path = NotasCoreData.app; sourceTree = BUILT_PRODUCTS_DIR; };
		A33ADBA02947BA250023161B /* AppDelegate.swift */ = {isa = PBXFileReference; lastKnownFileType = sourcecode.swift; path = AppDelegate.swift; sourceTree = "<group>"; };
		A33ADBA22947BA250023161B /* SceneDelegate.swift */ = {isa = PBXFileReference; lastKnownFileType = sourcecode.swift; path = SceneDelegate.swift; sourceTree = "<group>"; };
		A33ADBA42947BA250023161B /* ViewController.swift */ = {isa = PBXFileReference; lastKnownFileType = sourcecode.swift; path = ViewController.swift; sourceTree = "<group>"; };
		A33ADBA72947BA250023161B /* Base */ = {isa = PBXFileReference; lastKnownFileType = file.storyboard; name = Base; path = Base.lproj/Main.storyboard; sourceTree = "<group>"; };
		A33ADBAA2947BA250023161B /* NotasCoreData.xcdatamodel */ = {isa = PBXFileReference; lastKnownFileType = wrapper.xcdatamodel; path = NotasCoreData.xcdatamodel; sourceTree = "<group>"; };
		A33ADBAC2947BA270023161B /* Assets.xcassets */ = {isa = PBXFileReference; lastKnownFileType = folder.assetcatalog; path = Assets.xcassets; sourceTree = "<group>"; };
		A33ADBAF2947BA270023161B /* Base */ = {isa = PBXFileReference; lastKnownFileType = file.storyboard; name = Base; path = Base.lproj/LaunchScreen.storyboard; sourceTree = "<group>"; };
		A33ADBB12947BA270023161B /* Info.plist */ = {isa = PBXFileReference; lastKnownFileType = text.plist.xml; path = Info.plist; sourceTree = "<group>"; };
/* End PBXFileReference section */

/* Begin PBXFrameworksBuildPhase section */
		A33ADB9A2947BA250023161B /* Frameworks */ = {
			isa = PBXFrameworksBuildPhase;
			buildActionMask = 2147483647;
			files = (
			);
			runOnlyForDeploymentPostprocessing = 0;
		};
/* End PBXFrameworksBuildPhase section */

/* Begin PBXGroup section */
		A33ADB942947BA250023161B = {
			isa = PBXGroup;
			children = (
				A33ADB9F2947BA250023161B /* NotasCoreData */,
				A33ADB9E2947BA250023161B /* Products */,
			);
			sourceTree = "<group>";
		};
		A33ADB9E2947BA250023161B /* Products */ = {
			isa = PBXGroup;
			children = (
				A33ADB9D2947BA250023161B /* NotasCoreData.app */,
			);
			name = Products;
			sourceTree = "<group>";
		};
		A33ADB9F2947BA250023161B /* NotasCoreData */ = {
			isa = PBXGroup;
			children = (
				A33ADBA02947BA250023161B /* AppDelegate.swift */,
				A33ADBA22947BA250023161B /* SceneDelegate.swift */,
				A33ADBB92947BA780023161B /* Modelo */,
				A33ADBB72947BA3C0023161B /* Vista */,
				A33ADBB82947BA550023161B /* Controlador */,
				A33ADBB12947BA270023161B /* Info.plist */,
				A33ADBA92947BA250023161B /* NotasCoreData.xcdatamodeld */,
			);
			path = NotasCoreData;
			sourceTree = "<group>";
		};
		A33ADBB72947BA3C0023161B /* Vista */ = {
			isa = PBXGroup;
			children = (
				A33ADBA62947BA250023161B /* Main.storyboard */,
				A33ADBAE2947BA270023161B /* LaunchScreen.storyboard */,
				A33ADBAC2947BA270023161B /* Assets.xcassets */,
			);
			path = Vista;
			sourceTree = "<group>";
		};
		A33ADBB82947BA550023161B /* Controlador */ = {
			isa = PBXGroup;
			children = (
				A33ADBA42947BA250023161B /* ViewController.swift */,
			);
			path = Controlador;
			sourceTree = "<group>";
		};
		A33ADBB92947BA780023161B /* Modelo */ = {
			isa = PBXGroup;
			children = (
			);
			path = Modelo;
			sourceTree = "<group>";
		};
/* End PBXGroup section */

/* Begin PBXNativeTarget section */
		A33ADB9C2947BA250023161B /* NotasCoreData */ = {
			isa = PBXNativeTarget;
			buildConfigurationList = A33ADBB42947BA270023161B /* Build configuration list for PBXNativeTarget "NotasCoreData" */;
			buildPhases = (
				A33ADB992947BA250023161B /* Sources */,
				A33ADB9A2947BA250023161B /* Frameworks */,
				A33ADB9B2947BA250023161B /* Resources */,
			);
			buildRules = (
			);
			dependencies = (
			);
			name = NotasCoreData;
			productName = NotasCoreData;
			productReference = A33ADB9D2947BA250023161B /* NotasCoreData.app */;
			productType = "com.apple.product-type.application";
		};
/* End PBXNativeTarget section */

/* Begin PBXProject section */
		A33ADB952947BA250023161B /* Project object */ = {
			isa = PBXProject;
			attributes = {
				BuildIndependentTargetsInParallel = 1;
				LastSwiftUpdateCheck = 1410;
				LastUpgradeCheck = 1410;
				TargetAttributes = {
					A33ADB9C2947BA250023161B = {
						CreatedOnToolsVersion = 14.1;
					};
				};
			};
			buildConfigurationList = A33ADB982947BA250023161B /* Build configuration list for PBXProject "NotasCoreData" */;
			compatibilityVersion = "Xcode 14.0";
			developmentRegion = en;
			hasScannedForEncodings = 0;
			knownRegions = (
				en,
				Base,
			);
			mainGroup = A33ADB942947BA250023161B;
			productRefGroup = A33ADB9E2947BA250023161B /* Products */;
			projectDirPath = "";
			projectRoot = "";
			targets = (
				A33ADB9C2947BA250023161B /* NotasCoreData */,
			);
		};
/* End PBXProject section */

/* Begin PBXResourcesBuildPhase section */
		A33ADB9B2947BA250023161B /* Resources */ = {
			isa = PBXResourcesBuildPhase;
			buildActionMask = 2147483647;
			files = (
				A33ADBB02947BA270023161B /* LaunchScreen.storyboard in Resources */,
				A33ADBAD2947BA270023161B /* Assets.xcassets in Resources */,
				A33ADBA82947BA250023161B /* Main.storyboard in Resources */,
			);
			runOnlyForDeploymentPostprocessing = 0;
		};
/* End PBXResourcesBuildPhase section */

/* Begin PBXSourcesBuildPhase section */
		A33ADB992947BA250023161B /* Sources */ = {
			isa = PBXSourcesBuildPhase;
			buildActionMask = 2147483647;
			files = (
				A33ADBA52947BA250023161B /* ViewController.swift in Sources */,
				A33ADBA12947BA250023161B /* AppDelegate.swift in Sources */,
				A33ADBAB2947BA250023161B /* NotasCoreData.xcdatamodeld in Sources */,
				A33ADBA32947BA250023161B /* SceneDelegate.swift in Sources */,
			);
			runOnlyForDeploymentPostprocessing = 0;
		};
/* End PBXSourcesBuildPhase section */

/* Begin PBXVariantGroup section */
		A33ADBA62947BA250023161B /* Main.storyboard */ = {
			isa = PBXVariantGroup;
			children = (
				A33ADBA72947BA250023161B /* Base */,
			);
			name = Main.storyboard;
			sourceTree = "<group>";
		};
		A33ADBAE2947BA270023161B /* LaunchScreen.storyboard */ = {
			isa = PBXVariantGroup;
			children = (
				A33ADBAF2947BA270023161B /* Base */,
			);
			name = LaunchScreen.storyboard;
			sourceTree = "<group>";
		};
/* End PBXVariantGroup section */

/* Begin XCBuildConfiguration section */
		A33ADBB22947BA270023161B /* Debug */ = {
			isa = XCBuildConfiguration;
			buildSettings = {
				ALWAYS_SEARCH_USER_PATHS = NO;
				CLANG_ANALYZER_NONNULL = YES;
				CLANG_ANALYZER_NUMBER_OBJECT_CONVERSION = YES_AGGRESSIVE;
				CLANG_CXX_LANGUAGE_STANDARD = "gnu++20";
				CLANG_ENABLE_MODULES = YES;
				CLANG_ENABLE_OBJC_ARC = YES;
				CLANG_ENABLE_OBJC_WEAK = YES;
				CLANG_WARN_BLOCK_CAPTURE_AUTORELEASING = YES;
				CLANG_WARN_BOOL_CONVERSION = YES;
				CLANG_WARN_COMMA = YES;
				CLANG_WARN_CONSTANT_CONVERSION = YES;
				CLANG_WARN_DEPRECATED_OBJC_IMPLEMENTATIONS = YES;
				CLANG_WARN_DIRECT_OBJC_ISA_USAGE = YES_ERROR;
				CLANG_WARN_DOCUMENTATION_COMMENTS = YES;
				CLANG_WARN_EMPTY_BODY = YES;
				CLANG_WARN_ENUM_CONVERSION = YES;
				CLANG_WARN_INFINITE_RECURSION = YES;
				CLANG_WARN_INT_CONVERSION = YES;
				CLANG_WARN_NON_LITERAL_NULL_CONVERSION = YES;
				CLANG_WARN_OBJC_IMPLICIT_RETAIN_SELF = YES;
				CLANG_WARN_OBJC_LITERAL_CONVERSION = YES;
				CLANG_WARN_OBJC_ROOT_CLASS = YES_ERROR;
				CLANG_WARN_QUOTED_INCLUDE_IN_FRAMEWORK_HEADER = YES;
				CLANG_WARN_RANGE_LOOP_ANALYSIS = YES;
				CLANG_WARN_STRICT_PROTOTYPES = YES;
				CLANG_WARN_SUSPICIOUS_MOVE = YES;
				CLANG_WARN_UNGUARDED_AVAILABILITY = YES_AGGRESSIVE;
				CLANG_WARN_UNREACHABLE_CODE = YES;
				CLANG_WARN__DUPLICATE_METHOD_MATCH = YES;
				COPY_PHASE_STRIP = NO;
				DEBUG_INFORMATION_FORMAT = dwarf;
				ENABLE_STRICT_OBJC_MSGSEND = YES;
				ENABLE_TESTABILITY = YES;
				GCC_C_LANGUAGE_STANDARD = gnu11;
				GCC_DYNAMIC_NO_PIC = NO;
				GCC_NO_COMMON_BLOCKS = YES;
				GCC_OPTIMIZATION_LEVEL = 0;
				GCC_PREPROCESSOR_DEFINITIONS = (
					"DEBUG=1",
					"$(inherited)",
				);
				GCC_WARN_64_TO_32_BIT_CONVERSION = YES;
				GCC_WARN_ABOUT_RETURN_TYPE = YES_ERROR;
				GCC_WARN_UNDECLARED_SELECTOR = YES;
				GCC_WARN_UNINITIALIZED_AUTOS = YES_AGGRESSIVE;
				GCC_WARN_UNUSED_FUNCTION = YES;
				GCC_WARN_UNUSED_VARIABLE = YES;
				IPHONEOS_DEPLOYMENT_TARGET = 16.1;
				MTL_ENABLE_DEBUG_INFO = INCLUDE_SOURCE;
				MTL_FAST_MATH = YES;
				ONLY_ACTIVE_ARCH = YES;
				SDKROOT = iphoneos;
				SWIFT_ACTIVE_COMPILATION_CONDITIONS = DEBUG;
				SWIFT_OPTIMIZATION_LEVEL = "-Onone";
			};
			name = Debug;
		};
		A33ADBB32947BA270023161B /* Release */ = {
			isa = XCBuildConfiguration;
			buildSettings = {
				ALWAYS_SEARCH_USER_PATHS = NO;
				CLANG_ANALYZER_NONNULL = YES;
				CLANG_ANALYZER_NUMBER_OBJECT_CONVERSION = YES_AGGRESSIVE;
				CLANG_CXX_LANGUAGE_STANDARD = "gnu++20";
				CLANG_ENABLE_MODULES = YES;
				CLANG_ENABLE_OBJC_ARC = YES;
				CLANG_ENABLE_OBJC_WEAK = YES;
				CLANG_WARN_BLOCK_CAPTURE_AUTORELEASING = YES;
				CLANG_WARN_BOOL_CONVERSION = YES;
				CLANG_WARN_COMMA = YES;
				CLANG_WARN_CONSTANT_CONVERSION = YES;
				CLANG_WARN_DEPRECATED_OBJC_IMPLEMENTATIONS = YES;
				CLANG_WARN_DIRECT_OBJC_ISA_USAGE = YES_ERROR;
				CLANG_WARN_DOCUMENTATION_COMMENTS = YES;
				CLANG_WARN_EMPTY_BODY = YES;
				CLANG_WARN_ENUM_CONVERSION = YES;
				CLANG_WARN_INFINITE_RECURSION = YES;
				CLANG_WARN_INT_CONVERSION = YES;
				CLANG_WARN_NON_LITERAL_NULL_CONVERSION = YES;
				CLANG_WARN_OBJC_IMPLICIT_RETAIN_SELF = YES;
				CLANG_WARN_OBJC_LITERAL_CONVERSION = YES;
				CLANG_WARN_OBJC_ROOT_CLASS = YES_ERROR;
				CLANG_WARN_QUOTED_INCLUDE_IN_FRAMEWORK_HEADER = YES;
				CLANG_WARN_RANGE_LOOP_ANALYSIS = YES;
				CLANG_WARN_STRICT_PROTOTYPES = YES;
				CLANG_WARN_SUSPICIOUS_MOVE = YES;
				CLANG_WARN_UNGUARDED_AVAILABILITY = YES_AGGRESSIVE;
				CLANG_WARN_UNREACHABLE_CODE = YES;
				CLANG_WARN__DUPLICATE_METHOD_MATCH = YES;
				COPY_PHASE_STRIP = NO;
				DEBUG_INFORMATION_FORMAT = "dwarf-with-dsym";
				ENABLE_NS_ASSERTIONS = NO;
				ENABLE_STRICT_OBJC_MSGSEND = YES;
				GCC_C_LANGUAGE_STANDARD = gnu11;
				GCC_NO_COMMON_BLOCKS = YES;
				GCC_WARN_64_TO_32_BIT_CONVERSION = YES;
				GCC_WARN_ABOUT_RETURN_TYPE = YES_ERROR;
				GCC_WARN_UNDECLARED_SELECTOR = YES;
				GCC_WARN_UNINITIALIZED_AUTOS = YES_AGGRESSIVE;
				GCC_WARN_UNUSED_FUNCTION = YES;
				GCC_WARN_UNUSED_VARIABLE = YES;
				IPHONEOS_DEPLOYMENT_TARGET = 16.1;
				MTL_ENABLE_DEBUG_INFO = NO;
				MTL_FAST_MATH = YES;
				SDKROOT = iphoneos;
				SWIFT_COMPILATION_MODE = wholemodule;
				SWIFT_OPTIMIZATION_LEVEL = "-O";
				VALIDATE_PRODUCT = YES;
			};
			name = Release;
		};
		A33ADBB52947BA270023161B /* Debug */ = {
			isa = XCBuildConfiguration;
			buildSettings = {
				ASSETCATALOG_COMPILER_APPICON_NAME = AppIcon;
				ASSETCATALOG_COMPILER_GLOBAL_ACCENT_COLOR_NAME = AccentColor;
				CODE_SIGN_STYLE = Automatic;
				CURRENT_PROJECT_VERSION = 1;
				DEVELOPMENT_TEAM = "";
				GENERATE_INFOPLIST_FILE = YES;
				INFOPLIST_FILE = NotasCoreData/Info.plist;
				INFOPLIST_KEY_UIApplicationSupportsIndirectInputEvents = YES;
				INFOPLIST_KEY_UILaunchStoryboardName = LaunchScreen;
				INFOPLIST_KEY_UIMainStoryboardFile = Main;
				INFOPLIST_KEY_UISupportedInterfaceOrientations_iPad = "UIInterfaceOrientationPortrait UIInterfaceOrientationPortraitUpsideDown UIInterfaceOrientationLandscapeLeft UIInterfaceOrientationLandscapeRight";
				INFOPLIST_KEY_UISupportedInterfaceOrientations_iPhone = "UIInterfaceOrientationPortrait UIInterfaceOrientationLandscapeLeft UIInterfaceOrientationLandscapeRight";
				LD_RUNPATH_SEARCH_PATHS = (
					"$(inherited)",
					"@executable_path/Frameworks",
				);
				MARKETING_VERSION = 1.0;
				PRODUCT_BUNDLE_IDENTIFIER = com.Ziutzel.NotasCoreData;
				PRODUCT_NAME = "$(TARGET_NAME)";
				SWIFT_EMIT_LOC_STRINGS = YES;
				SWIFT_VERSION = 5.0;
				TARGETED_DEVICE_FAMILY = "1,2";
			};
			name = Debug;
		};
		A33ADBB62947BA270023161B /* Release */ = {
			isa = XCBuildConfiguration;
			buildSettings = {
				ASSETCATALOG_COMPILER_APPICON_NAME = AppIcon;
				ASSETCATALOG_COMPILER_GLOBAL_ACCENT_COLOR_NAME = AccentColor;
				CODE_SIGN_STYLE = Automatic;
				CURRENT_PROJECT_VERSION = 1;
				DEVELOPMENT_TEAM = "";
				GENERATE_INFOPLIST_FILE = YES;
				INFOPLIST_FILE = NotasCoreData/Info.plist;
				INFOPLIST_KEY_UIApplicationSupportsIndirectInputEvents = YES;
				INFOPLIST_KEY_UILaunchStoryboardName = LaunchScreen;
				INFOPLIST_KEY_UIMainStoryboardFile = Main;
				INFOPLIST_KEY_UISupportedInterfaceOrientations_iPad = "UIInterfaceOrientationPortrait UIInterfaceOrientationPortraitUpsideDown UIInterfaceOrientationLandscapeLeft UIInterfaceOrientationLandscapeRight";
				INFOPLIST_KEY_UISupportedInterfaceOrientations_iPhone = "UIInterfaceOrientationPortrait UIInterfaceOrientationLandscapeLeft UIInterfaceOrientationLandscapeRight";
				LD_RUNPATH_SEARCH_PATHS = (
					"$(inherited)",
					"@executable_path/Frameworks",
				);
				MARKETING_VERSION = 1.0;
				PRODUCT_BUNDLE_IDENTIFIER = com.Ziutzel.NotasCoreData;
				PRODUCT_NAME = "$(TARGET_NAME)";
				SWIFT_EMIT_LOC_STRINGS = YES;
				SWIFT_VERSION = 5.0;
				TARGETED_DEVICE_FAMILY = "1,2";
			};
			name = Release;
		};
/* End XCBuildConfiguration section */

/* Begin XCConfigurationList section */
		A33ADB982947BA250023161B /* Build configuration list for PBXProject "NotasCoreData" */ = {
			isa = XCConfigurationList;
			buildConfigurations = (
				A33ADBB22947BA270023161B /* Debug */,
				A33ADBB32947BA270023161B /* Release */,
			);
			defaultConfigurationIsVisible = 0;
			defaultConfigurationName = Release;
		};
		A33ADBB42947BA270023161B /* Build configuration list for PBXNativeTarget "NotasCoreData" */ = {
			isa = XCConfigurationList;
			buildConfigurations = (
				A33ADBB52947BA270023161B /* Debug */,
				A33ADBB62947BA270023161B /* Release */,
			);
			defaultConfigurationIsVisible = 0;
			defaultConfigurationName = Release;
		};
/* End XCConfigurationList section */

/* Begin XCVersionGroup section */
		A33ADBA92947BA250023161B /* NotasCoreData.xcdatamodeld */ = {
			isa = XCVersionGroup;
			children = (
				A33ADBAA2947BA250023161B /* NotasCoreData.xcdatamodel */,
			);
			currentVersion = A33ADBAA2947BA250023161B /* NotasCoreData.xcdatamodel */;
			path = NotasCoreData.xcdatamodeld;
			sourceTree = "<group>";
			versionGroupType = wrapper.xcdatamodel;
		};
/* End XCVersionGroup section */
	};
	rootObject = A33ADB952947BA250023161B /* Project object */;
}
